
Microsoft Visual Studio Solution File, Format Version 12.00
# Visual Studio Version 16
VisualStudioVersion = 16.0.30413.136
MinimumVisualStudioVersion = 10.0.40219.1
Project("{9A19103F-16F7-4668-BE54-9A1E7A4F7556}") = "ATM.Ui", "ATM.Ui\ATM.Ui.csproj", "{C21BAF35-46E8-4D47-AC98-2739F5C9A13E}"
EndProject
Project("{9A19103F-16F7-4668-BE54-9A1E7A4F7556}") = "ATM.Logic", "ATM.Logic\ATM.Logic.csproj", "{0E533982-2915-477A-8FD1-A58F8096F83F}"
EndProject
Project("{FAE04EC0-301F-11D3-BF4B-00C04F79EFBC}") = "ATM.Win", "ATM.Win\ATM.Win.csproj", "{B00B1BE2-32A6-4451-96AA-7E150144BCA5}"
EndProject
Global
	GlobalSection(SolutionConfigurationPlatforms) = preSolution
		Debug|Any CPU = Debug|Any CPU
		Release|Any CPU = Release|Any CPU
	EndGlobalSection
	GlobalSection(ProjectConfigurationPlatforms) = postSolution
		{C21BAF35-46E8-4D47-AC98-2739F5C9A13E}.Debug|Any CPU.ActiveCfg = Debug|Any CPU
		{C21BAF35-46E8-4D47-AC98-2739F5C9A13E}.Debug|Any CPU.Build.0 = Debug|Any CPU
		{C21BAF35-46E8-4D47-AC98-2739F5C9A13E}.Release|Any CPU.ActiveCfg = Release|Any CPU
		{C21BAF35-46E8-4D47-AC98-2739F5C9A13E}.Release|Any CPU.Build.0 = Release|Any CPU
		{0E533982-2915-477A-8FD1-A58F8096F83F}.Debug|Any CPU.ActiveCfg = Debug|Any CPU
		{0E533982-2915-477A-8FD1-A58F8096F83F}.Debug|Any CPU.Build.0 = Debug|Any CPU
		{0E533982-2915-477A-8FD1-A58F8096F83F}.Release|Any CPU.ActiveCfg = Release|Any CPU
		{0E533982-2915-477A-8FD1-A58F8096F83F}.Release|Any CPU.Build.0 = Release|Any CPU
		{B00B1BE2-32A6-4451-96AA-7E150144BCA5}.Debug|Any CPU.ActiveCfg = Debug|Any CPU
		{B00B1BE2-32A6-4451-96AA-7E150144BCA5}.Debug|Any CPU.Build.0 = Debug|Any CPU
		{B00B1BE2-32A6-4451-96AA-7E150144BCA5}.Release|Any CPU.ActiveCfg = Release|Any CPU
		{B00B1BE2-32A6-4451-96AA-7E150144BCA5}.Release|Any CPU.Build.0 = Release|Any CPU
	EndGlobalSection
	GlobalSection(SolutionProperties) = preSolution
		HideSolutionNode = FALSE
	EndGlobalSection
	GlobalSection(ExtensibilityGlobals) = postSolution
		SolutionGuid = {47DA8553-9C33-4357-A110-997FD70A41B8}
	EndGlobalSection
EndGlobal
